// !$*UTF8*$!
{
	archiveVersion = 1;
	classes = {
	};
	objectVersion = 77;
	objects = {

/* Begin PBXContainerItemProxy section */
		45C638C02E5EBB6A008C81B9 /* PBXContainerItemProxy */ = {
			isa = PBXContainerItemProxy;
			containerPortal = 45C638A52E5EBB67008C81B9 /* Project object */;
			proxyType = 1;
			remoteGlobalIDString = 45C638AC2E5EBB67008C81B9;
			remoteInfo = QuanLyChiTieu;
		};
		45C638CA2E5EBB6A008C81B9 /* PBXContainerItemProxy */ = {
			isa = PBXContainerItemProxy;
			containerPortal = 45C638A52E5EBB67008C81B9 /* Project object */;
			proxyType = 1;
			remoteGlobalIDString = 45C638AC2E5EBB67008C81B9;
			remoteInfo = QuanLyChiTieu;
		};
/* End PBXContainerItemProxy section */

/* Begin PBXFileReference section */
		45B8085C2EA3949200304184 /* QuanLyChiTieu.app */ = {isa = PBXFileReference; explicitFileType = wrapper.application; includeInIndex = 0; path = QuanLyChiTieu.app; sourceTree = BUILT_PRODUCTS_DIR; };
		45B809242EA3B31C00304184 /* QuanLyChiTieuTests.xctest */ = {isa = PBXFileReference; explicitFileType = wrapper.cfbundle; includeInIndex = 0; path = QuanLyChiTieuTests.xctest; sourceTree = BUILT_PRODUCTS_DIR; };
		45C638C92E5EBB6A008C81B9 /* QuanLyChiTieuUITests.xctest */ = {isa = PBXFileReference; explicitFileType = wrapper.cfbundle; includeInIndex = 0; path = QuanLyChiTieuUITests.xctest; sourceTree = BUILT_PRODUCTS_DIR; };
/* End PBXFileReference section */

/* Begin PBXFileSystemSynchronizedBuildFileExceptionSet section */
		45B8085E2EA3949800304184 /* Exceptions for "QuanLyChiTieu" folder in "QuanLyChiTieu" target */ = {
			isa = PBXFileSystemSynchronizedBuildFileExceptionSet;
			membershipExceptions = (
				Info.plist,
				TaoDuLieuMau.txt,
			);
			target = 45C638AC2E5EBB67008C81B9 /* QuanLyChiTieu */;
		};
/* End PBXFileSystemSynchronizedBuildFileExceptionSet section */

/* Begin PBXFileSystemSynchronizedRootGroup section */
		45C638AF2E5EBB67008C81B9 /* QuanLyChiTieu */ = {
			isa = PBXFileSystemSynchronizedRootGroup;
			exceptions = (
				45B8085E2EA3949800304184 /* Exceptions for "QuanLyChiTieu" folder in "QuanLyChiTieu" target */,
			);
			path = QuanLyChiTieu;
			sourceTree = "<group>";
		};
		45C638C22E5EBB6A008C81B9 /* QuanLyChiTieuTests */ = {
			isa = PBXFileSystemSynchronizedRootGroup;
			path = QuanLyChiTieuTests;
			sourceTree = "<group>";
		};
		45C638CC2E5EBB6A008C81B9 /* QuanLyChiTieuUITests */ = {
			isa = PBXFileSystemSynchronizedRootGroup;
			path = QuanLyChiTieuUITests;
			sourceTree = "<group>";
		};
/* End PBXFileSystemSynchronizedRootGroup section */

/* Begin PBXFrameworksBuildPhase section */
		45C638AA2E5EBB67008C81B9 /* Frameworks */ = {
			isa = PBXFrameworksBuildPhase;
			buildActionMask = 2147483647;
			files = (
			);
			runOnlyForDeploymentPostprocessing = 0;
		};
		45C638BC2E5EBB6A008C81B9 /* Frameworks */ = {
			isa = PBXFrameworksBuildPhase;
			buildActionMask = 2147483647;
			files = (
			);
			runOnlyForDeploymentPostprocessing = 0;
		};
		45C638C62E5EBB6A008C81B9 /* Frameworks */ = {
			isa = PBXFrameworksBuildPhase;
			buildActionMask = 2147483647;
			files = (
			);
			runOnlyForDeploymentPostprocessing = 0;
		};
/* End PBXFrameworksBuildPhase section */

/* Begin PBXGroup section */
		45B808592EA3942D00304184 /* New Group */ = {
			isa = PBXGroup;
			children = (
			);
			path = "New Group";
			sourceTree = "<group>";
		};
		45C638A42E5EBB67008C81B9 = {
			isa = PBXGroup;
			children = (
				45C638AF2E5EBB67008C81B9 /* QuanLyChiTieu */,
				45C638C22E5EBB6A008C81B9 /* QuanLyChiTieuTests */,
				45C638CC2E5EBB6A008C81B9 /* QuanLyChiTieuUITests */,
				45C638AE2E5EBB67008C81B9 /* Products */,
			);
			sourceTree = "<group>";
		};
		45C638AE2E5EBB67008C81B9 /* Products */ = {
			isa = PBXGroup;
			children = (
				45C638C92E5EBB6A008C81B9 /* QuanLyChiTieuUITests.xctest */,
				45B808592EA3942D00304184 /* New Group */,
				45B8085C2EA3949200304184 /* QuanLyChiTieu.app */,
				45B809242EA3B31C00304184 /* QuanLyChiTieuTests.xctest */,
			);
			name = Products;
			sourceTree = "<group>";
		};
/* End PBXGroup section */

/* Begin PBXNativeTarget section */
		45C638AC2E5EBB67008C81B9 /* QuanLyChiTieu */ = {
			isa = PBXNativeTarget;
			buildConfigurationList = 45C638D32E5EBB6A008C81B9 /* Build configuration list for PBXNativeTarget "QuanLyChiTieu" */;
			buildPhases = (
				45C638A92E5EBB67008C81B9 /* Sources */,
				45C638AA2E5EBB67008C81B9 /* Frameworks */,
				45C638AB2E5EBB67008C81B9 /* Resources */,
			);
			buildRules = (
			);
			dependencies = (
			);
			fileSystemSynchronizedGroups = (
				45C638AF2E5EBB67008C81B9 /* QuanLyChiTieu */,
			);
			name = QuanLyChiTieu;
			packageProductDependencies = (
			);
			productName = QuanLyChiTieu;
			productReference = 45B8085C2EA3949200304184 /* QuanLyChiTieu.app */;
			productType = "com.apple.product-type.application";
		};
		45C638BE2E5EBB6A008C81B9 /* QuanLyChiTieuTests */ = {
			isa = PBXNativeTarget;
			buildConfigurationList = 45C638D62E5EBB6A008C81B9 /* Build configuration list for PBXNativeTarget "QuanLyChiTieuTests" */;
			buildPhases = (
				45C638BB2E5EBB6A008C81B9 /* Sources */,
				45C638BC2E5EBB6A008C81B9 /* Frameworks */,
				45C638BD2E5EBB6A008C81B9 /* Resources */,
			);
			buildRules = (
			);
			dependencies = (
				45C638C12E5EBB6A008C81B9 /* PBXTargetDependency */,
			);
			fileSystemSynchronizedGroups = (
				45C638C22E5EBB6A008C81B9 /* QuanLyChiTieuTests */,
			);
			name = QuanLyChiTieuTests;
			packageProductDependencies = (
			);
			productName = QuanLyChiTieuTests;
			productReference = 45B809242EA3B31C00304184 /* QuanLyChiTieuTests.xctest */;
			productType = "com.apple.product-type.bundle.unit-test";
		};
		45C638C82E5EBB6A008C81B9 /* QuanLyChiTieuUITests */ = {
			isa = PBXNativeTarget;
			buildConfigurationList = 45C638D92E5EBB6A008C81B9 /* Build configuration list for PBXNativeTarget "QuanLyChiTieuUITests" */;
			buildPhases = (
				45C638C52E5EBB6A008C81B9 /* Sources */,
				45C638C62E5EBB6A008C81B9 /* Frameworks */,
				45C638C72E5EBB6A008C81B9 /* Resources */,
			);
			buildRules = (
			);
			dependencies = (
				45C638CB2E5EBB6A008C81B9 /* PBXTargetDependency */,
			);
			fileSystemSynchronizedGroups = (
				45C638CC2E5EBB6A008C81B9 /* QuanLyChiTieuUITests */,
			);
			name = QuanLyChiTieuUITests;
			packageProductDependencies = (
			);
			productName = QuanLyChiTieuUITests;
			productReference = 45C638C92E5EBB6A008C81B9 /* QuanLyChiTieuUITests.xctest */;
			productType = "com.apple.product-type.bundle.ui-testing";
		};
/* End PBXNativeTarget section */

/* Begin PBXProject section */
		45C638A52E5EBB67008C81B9 /* Project object */ = {
			isa = PBXProject;
			attributes = {
				BuildIndependentTargetsInParallel = 1;
				LastSwiftUpdateCheck = 1640;
				LastUpgradeCheck = 2600;
				TargetAttributes = {
					45C638AC2E5EBB67008C81B9 = {
						CreatedOnToolsVersion = 16.4;
					};
					45C638BE2E5EBB6A008C81B9 = {
						CreatedOnToolsVersion = 16.4;
						TestTargetID = 45C638AC2E5EBB67008C81B9;
					};
					45C638C82E5EBB6A008C81B9 = {
						CreatedOnToolsVersion = 16.4;
						TestTargetID = 45C638AC2E5EBB67008C81B9;
					};
				};
			};
			buildConfigurationList = 45C638A82E5EBB67008C81B9 /* Build configuration list for PBXProject "QuanLyChiTieu" */;
			developmentRegion = en;
			hasScannedForEncodings = 0;
			knownRegions = (
				en,
				Base,
				vi,
			);
			mainGroup = 45C638A42E5EBB67008C81B9;
			minimizedProjectReferenceProxies = 1;
			preferredProjectObjectVersion = 77;
			productRefGroup = 45C638AE2E5EBB67008C81B9 /* Products */;
			projectDirPath = "";
			projectRoot = "";
			targets = (
				45C638AC2E5EBB67008C81B9 /* QuanLyChiTieu */,
				45C638BE2E5EBB6A008C81B9 /* QuanLyChiTieuTests */,
				45C638C82E5EBB6A008C81B9 /* QuanLyChiTieuUITests */,
			);
		};
/* End PBXProject section */

/* Begin PBXResourcesBuildPhase section */
		45C638AB2E5EBB67008C81B9 /* Resources */ = {
			isa = PBXResourcesBuildPhase;
			buildActionMask = 2147483647;
			files = (
			);
			runOnlyForDeploymentPostprocessing = 0;
		};
		45C638BD2E5EBB6A008C81B9 /* Resources */ = {
			isa = PBXResourcesBuildPhase;
			buildActionMask = 2147483647;
			files = (
			);
			runOnlyForDeploymentPostprocessing = 0;
		};
		45C638C72E5EBB6A008C81B9 /* Resources */ = {
			isa = PBXResourcesBuildPhase;
			buildActionMask = 2147483647;
			files = (
			);
			runOnlyForDeploymentPostprocessing = 0;
		};
/* End PBXResourcesBuildPhase section */

/* Begin PBXSourcesBuildPhase section */
		45C638A92E5EBB67008C81B9 /* Sources */ = {
			isa = PBXSourcesBuildPhase;
			buildActionMask = 2147483647;
			files = (
			);
			runOnlyForDeploymentPostprocessing = 0;
		};
		45C638BB2E5EBB6A008C81B9 /* Sources */ = {
			isa = PBXSourcesBuildPhase;
			buildActionMask = 2147483647;
			files = (
			);
			runOnlyForDeploymentPostprocessing = 0;
		};
		45C638C52E5EBB6A008C81B9 /* Sources */ = {
			isa = PBXSourcesBuildPhase;
			buildActionMask = 2147483647;
			files = (
			);
			runOnlyForDeploymentPostprocessing = 0;
		};
/* End PBXSourcesBuildPhase section */

/* Begin PBXTargetDependency section */
		45C638C12E5EBB6A008C81B9 /* PBXTargetDependency */ = {
			isa = PBXTargetDependency;
			target = 45C638AC2E5EBB67008C81B9 /* QuanLyChiTieu */;
			targetProxy = 45C638C02E5EBB6A008C81B9 /* PBXContainerItemProxy */;
		};
		45C638CB2E5EBB6A008C81B9 /* PBXTargetDependency */ = {
			isa = PBXTargetDependency;
			target = 45C638AC2E5EBB67008C81B9 /* QuanLyChiTieu */;
			targetProxy = 45C638CA2E5EBB6A008C81B9 /* PBXContainerItemProxy */;
		};
/* End PBXTargetDependency section */

/* Begin XCBuildConfiguration section */
		45C638D12E5EBB6A008C81B9 /* Debug */ = {
			isa = XCBuildConfiguration;
			buildSettings = {
				ALWAYS_SEARCH_USER_PATHS = NO;
				ASSETCATALOG_COMPILER_GENERATE_SWIFT_ASSET_SYMBOL_EXTENSIONS = YES;
				CLANG_ANALYZER_LOCALIZABILITY_NONLOCALIZED = YES;
				CLANG_ANALYZER_NONNULL = YES;
				CLANG_ANALYZER_NUMBER_OBJECT_CONVERSION = YES_AGGRESSIVE;
				CLANG_CXX_LANGUAGE_STANDARD = "gnu++20";
				CLANG_ENABLE_MODULES = YES;
				CLANG_ENABLE_OBJC_ARC = YES;
				CLANG_ENABLE_OBJC_WEAK = YES;
				CLANG_WARN_BLOCK_CAPTURE_AUTORELEASING = YES;
				CLANG_WARN_BOOL_CONVERSION = YES;
				CLANG_WARN_COMMA = YES;
				CLANG_WARN_CONSTANT_CONVERSION = YES;
				CLANG_WARN_DEPRECATED_OBJC_IMPLEMENTATIONS = YES;
				CLANG_WARN_DIRECT_OBJC_ISA_USAGE = YES_ERROR;
				CLANG_WARN_DOCUMENTATION_COMMENTS = YES;
				CLANG_WARN_EMPTY_BODY = YES;
				CLANG_WARN_ENUM_CONVERSION = YES;
				CLANG_WARN_INFINITE_RECURSION = YES;
				CLANG_WARN_INT_CONVERSION = YES;
				CLANG_WARN_NON_LITERAL_NULL_CONVERSION = YES;
				CLANG_WARN_OBJC_IMPLICIT_RETAIN_SELF = YES;
				CLANG_WARN_OBJC_LITERAL_CONVERSION = YES;
				CLANG_WARN_OBJC_ROOT_CLASS = YES_ERROR;
				CLANG_WARN_QUOTED_INCLUDE_IN_FRAMEWORK_HEADER = YES;
				CLANG_WARN_RANGE_LOOP_ANALYSIS = YES;
				CLANG_WARN_STRICT_PROTOTYPES = YES;
				CLANG_WARN_SUSPICIOUS_MOVE = YES;
				CLANG_WARN_UNGUARDED_AVAILABILITY = YES_AGGRESSIVE;
				CLANG_WARN_UNREACHABLE_CODE = YES;
				CLANG_WARN__DUPLICATE_METHOD_MATCH = YES;
				COPY_PHASE_STRIP = NO;
				DEBUG_INFORMATION_FORMAT = dwarf;
				ENABLE_STRICT_OBJC_MSGSEND = YES;
				ENABLE_TESTABILITY = YES;
				ENABLE_USER_SCRIPT_SANDBOXING = YES;
				GCC_C_LANGUAGE_STANDARD = gnu17;
				GCC_DYNAMIC_NO_PIC = NO;
				GCC_NO_COMMON_BLOCKS = YES;
				GCC_OPTIMIZATION_LEVEL = 0;
				GCC_PREPROCESSOR_DEFINITIONS = (
					"DEBUG=1",
					"$(inherited)",
				);
				GCC_WARN_64_TO_32_BIT_CONVERSION = YES;
				GCC_WARN_ABOUT_RETURN_TYPE = YES_ERROR;
				GCC_WARN_UNDECLARED_SELECTOR = YES;
				GCC_WARN_UNINITIALIZED_AUTOS = YES_AGGRESSIVE;
				GCC_WARN_UNUSED_FUNCTION = YES;
				GCC_WARN_UNUSED_VARIABLE = YES;
				IPHONEOS_DEPLOYMENT_TARGET = 18.5;
				LOCALIZATION_PREFERS_STRING_CATALOGS = YES;
				MTL_ENABLE_DEBUG_INFO = INCLUDE_SOURCE;
				MTL_FAST_MATH = YES;
				ONLY_ACTIVE_ARCH = YES;
				SDKROOT = iphoneos;
				STRING_CATALOG_GENERATE_SYMBOLS = YES;
				SWIFT_ACTIVE_COMPILATION_CONDITIONS = "DEBUG $(inherited)";
				SWIFT_OPTIMIZATION_LEVEL = "-Onone";
			};
			name = Debug;
		};
		45C638D22E5EBB6A008C81B9 /* Release */ = {
			isa = XCBuildConfiguration;
			buildSettings = {
				ALWAYS_SEARCH_USER_PATHS = NO;
				ASSETCATALOG_COMPILER_GENERATE_SWIFT_ASSET_SYMBOL_EXTENSIONS = YES;
				CLANG_ANALYZER_LOCALIZABILITY_NONLOCALIZED = YES;
				CLANG_ANALYZER_NONNULL = YES;
				CLANG_ANALYZER_NUMBER_OBJECT_CONVERSION = YES_AGGRESSIVE;
				CLANG_CXX_LANGUAGE_STANDARD = "gnu++20";
				CLANG_ENABLE_MODULES = YES;
				CLANG_ENABLE_OBJC_ARC = YES;
				CLANG_ENABLE_OBJC_WEAK = YES;
				CLANG_WARN_BLOCK_CAPTURE_AUTORELEASING = YES;
				CLANG_WARN_BOOL_CONVERSION = YES;
				CLANG_WARN_COMMA = YES;
				CLANG_WARN_CONSTANT_CONVERSION = YES;
				CLANG_WARN_DEPRECATED_OBJC_IMPLEMENTATIONS = YES;
				CLANG_WARN_DIRECT_OBJC_ISA_USAGE = YES_ERROR;
				CLANG_WARN_DOCUMENTATION_COMMENTS = YES;
				CLANG_WARN_EMPTY_BODY = YES;
				CLANG_WARN_ENUM_CONVERSION = YES;
				CLANG_WARN_INFINITE_RECURSION = YES;
				CLANG_WARN_INT_CONVERSION = YES;
				CLANG_WARN_NON_LITERAL_NULL_CONVERSION = YES;
				CLANG_WARN_OBJC_IMPLICIT_RETAIN_SELF = YES;
				CLANG_WARN_OBJC_LITERAL_CONVERSION = YES;
				CLANG_WARN_OBJC_ROOT_CLASS = YES_ERROR;
				CLANG_WARN_QUOTED_INCLUDE_IN_FRAMEWORK_HEADER = YES;
				CLANG_WARN_RANGE_LOOP_ANALYSIS = YES;
				CLANG_WARN_STRICT_PROTOTYPES = YES;
				CLANG_WARN_SUSPICIOUS_MOVE = YES;
				CLANG_WARN_UNGUARDED_AVAILABILITY = YES_AGGRESSIVE;
				CLANG_WARN_UNREACHABLE_CODE = YES;
				CLANG_WARN__DUPLICATE_METHOD_MATCH = YES;
				COPY_PHASE_STRIP = NO;
				DEBUG_INFORMATION_FORMAT = "dwarf-with-dsym";
				ENABLE_NS_ASSERTIONS = NO;
				ENABLE_STRICT_OBJC_MSGSEND = YES;
				ENABLE_USER_SCRIPT_SANDBOXING = YES;
				GCC_C_LANGUAGE_STANDARD = gnu17;
				GCC_NO_COMMON_BLOCKS = YES;
				GCC_WARN_64_TO_32_BIT_CONVERSION = YES;
				GCC_WARN_ABOUT_RETURN_TYPE = YES_ERROR;
				GCC_WARN_UNDECLARED_SELECTOR = YES;
				GCC_WARN_UNINITIALIZED_AUTOS = YES_AGGRESSIVE;
				GCC_WARN_UNUSED_FUNCTION = YES;
				GCC_WARN_UNUSED_VARIABLE = YES;
				IPHONEOS_DEPLOYMENT_TARGET = 18.5;
				LOCALIZATION_PREFERS_STRING_CATALOGS = YES;
				MTL_ENABLE_DEBUG_INFO = NO;
				MTL_FAST_MATH = YES;
				SDKROOT = iphoneos;
				STRING_CATALOG_GENERATE_SYMBOLS = YES;
				SWIFT_COMPILATION_MODE = wholemodule;
				VALIDATE_PRODUCT = YES;
			};
			name = Release;
		};
		45C638D42E5EBB6A008C81B9 /* Debug */ = {
			isa = XCBuildConfiguration;
			buildSettings = {
				ASSETCATALOG_COMPILER_APPICON_NAME = AppIcon;
				ASSETCATALOG_COMPILER_GLOBAL_ACCENT_COLOR_NAME = AccentColor;
				CODE_SIGN_STYLE = Automatic;
				CURRENT_PROJECT_VERSION = 1;
				DEVELOPMENT_TEAM = 499FS42WZY;
				ENABLE_PREVIEWS = YES;
				GENERATE_INFOPLIST_FILE = YES;
				INFOPLIST_FILE = QuanLyChiTieu/Info.plist;
				INFOPLIST_KEY_CFBundleDisplayName = CFBundleDisplayName;
				INFOPLIST_KEY_UIApplicationSceneManifest_Generation = YES;
				INFOPLIST_KEY_UIApplicationSupportsIndirectInputEvents = YES;
				INFOPLIST_KEY_UISupportedInterfaceOrientations_iPad = "UIInterfaceOrientationPortrait UIInterfaceOrientationPortraitUpsideDown UIInterfaceOrientationLandscapeLeft UIInterfaceOrientationLandscapeRight";
				INFOPLIST_KEY_UISupportedInterfaceOrientations_iPhone = "UIInterfaceOrientationPortrait UIInterfaceOrientationLandscapeLeft UIInterfaceOrientationLandscapeRight";
				INFOPLIST_KEY_UIUserInterfaceStyle = Light;
				IPHONEOS_DEPLOYMENT_TARGET = 17.5;
				LD_RUNPATH_SEARCH_PATHS = (
					"$(inherited)",
					"@executable_path/Frameworks",
				);
				MARKETING_VERSION = 1.0;
				PRODUCT_BUNDLE_IDENTIFIER = tangoctai.QuanLyChiTieu;
				PRODUCT_NAME = "$(TARGET_NAME)";
				SWIFT_EMIT_LOC_STRINGS = YES;
				SWIFT_VERSION = 5.0;
				TARGETED_DEVICE_FAMILY = "1,2";
			};
			name = Debug;
		};
		45C638D52E5EBB6A008C81B9 /* Release */ = {
			isa = XCBuildConfiguration;
			buildSettings = {
				ASSETCATALOG_COMPILER_APPICON_NAME = AppIcon;
				ASSETCATALOG_COMPILER_GLOBAL_ACCENT_COLOR_NAME = AccentColor;
				CODE_SIGN_STYLE = Automatic;
				CURRENT_PROJECT_VERSION = 1;
				DEVELOPMENT_TEAM = 499FS42WZY;
				ENABLE_PREVIEWS = YES;
				GENERATE_INFOPLIST_FILE = YES;
				INFOPLIST_FILE = QuanLyChiTieu/Info.plist;
				INFOPLIST_KEY_CFBundleDisplayName = CFBundleDisplayName;
				INFOPLIST_KEY_UIApplicationSceneManifest_Generation = YES;
				INFOPLIST_KEY_UIApplicationSupportsIndirectInputEvents = YES;
				INFOPLIST_KEY_UISupportedInterfaceOrientations_iPad = "UIInterfaceOrientationPortrait UIInterfaceOrientationPortraitUpsideDown UIInterfaceOrientationLandscapeLeft UIInterfaceOrientationLandscapeRight";
				INFOPLIST_KEY_UISupportedInterfaceOrientations_iPhone = "UIInterfaceOrientationPortrait UIInterfaceOrientationLandscapeLeft UIInterfaceOrientationLandscapeRight";
				INFOPLIST_KEY_UIUserInterfaceStyle = Light;
				IPHONEOS_DEPLOYMENT_TARGET = 17.5;
				LD_RUNPATH_SEARCH_PATHS = (
					"$(inherited)",
					"@executable_path/Frameworks",
				);
				MARKETING_VERSION = 1.0;
				PRODUCT_BUNDLE_IDENTIFIER = tangoctai.QuanLyChiTieu;
				PRODUCT_NAME = "$(TARGET_NAME)";
				SWIFT_EMIT_LOC_STRINGS = YES;
				SWIFT_VERSION = 5.0;
				TARGETED_DEVICE_FAMILY = "1,2";
			};
			name = Release;
		};
		45C638D72E5EBB6A008C81B9 /* Debug */ = {
			isa = XCBuildConfiguration;
			buildSettings = {
				BUNDLE_LOADER = "$(TEST_HOST)";
				CODE_SIGN_STYLE = Automatic;
				CURRENT_PROJECT_VERSION = 1;
				GENERATE_INFOPLIST_FILE = YES;
				IPHONEOS_DEPLOYMENT_TARGET = 18.0;
				MARKETING_VERSION = 1.0;
				PRODUCT_BUNDLE_IDENTIFIER = tangoctai.QuanLyChiTieuTests;
				PRODUCT_NAME = "$(TARGET_NAME)";
				SWIFT_EMIT_LOC_STRINGS = NO;
				SWIFT_VERSION = 5.0;
				TARGETED_DEVICE_FAMILY = "1,2";
				TEST_HOST = "$(BUILT_PRODUCTS_DIR)/QuanLyChiTieu.app/$(BUNDLE_EXECUTABLE_FOLDER_PATH)/QuanLyChiTieu";
			};
			name = Debug;
		};
		45C638D82E5EBB6A008C81B9 /* Release */ = {
			isa = XCBuildConfiguration;
			buildSettings = {
				BUNDLE_LOADER = "$(TEST_HOST)";
				CODE_SIGN_STYLE = Automatic;
				CURRENT_PROJECT_VERSION = 1;
				GENERATE_INFOPLIST_FILE = YES;
				IPHONEOS_DEPLOYMENT_TARGET = 18.0;
				MARKETING_VERSION = 1.0;
				PRODUCT_BUNDLE_IDENTIFIER = tangoctai.QuanLyChiTieuTests;
				PRODUCT_NAME = "$(TARGET_NAME)";
				SWIFT_EMIT_LOC_STRINGS = NO;
				SWIFT_VERSION = 5.0;
				TARGETED_DEVICE_FAMILY = "1,2";
				TEST_HOST = "$(BUILT_PRODUCTS_DIR)/QuanLyChiTieu.app/$(BUNDLE_EXECUTABLE_FOLDER_PATH)/QuanLyChiTieu";
			};
			name = Release;
		};
		45C638DA2E5EBB6A008C81B9 /* Debug */ = {
			isa = XCBuildConfiguration;
			buildSettings = {
				CODE_SIGN_STYLE = Automatic;
				CURRENT_PROJECT_VERSION = 1;
				GENERATE_INFOPLIST_FILE = YES;
				MARKETING_VERSION = 1.0;
				PRODUCT_BUNDLE_IDENTIFIER = tangoctai.QuanLyChiTieuUITests;
				PRODUCT_NAME = "$(TARGET_NAME)";
				SWIFT_EMIT_LOC_STRINGS = NO;
				SWIFT_VERSION = 5.0;
				TARGETED_DEVICE_FAMILY = "1,2";
				TEST_TARGET_NAME = QuanLyChiTieu;
			};
			name = Debug;
		};
		45C638DB2E5EBB6A008C81B9 /* Release */ = {
			isa = XCBuildConfiguration;
			buildSettings = {
				CODE_SIGN_STYLE = Automatic;
				CURRENT_PROJECT_VERSION = 1;
				GENERATE_INFOPLIST_FILE = YES;
				MARKETING_VERSION = 1.0;
				PRODUCT_BUNDLE_IDENTIFIER = tangoctai.QuanLyChiTieuUITests;
				PRODUCT_NAME = "$(TARGET_NAME)";
				SWIFT_EMIT_LOC_STRINGS = NO;
				SWIFT_VERSION = 5.0;
				TARGETED_DEVICE_FAMILY = "1,2";
				TEST_TARGET_NAME = QuanLyChiTieu;
			};
			name = Release;
		};
/* End XCBuildConfiguration section */

/* Begin XCConfigurationList section */
		45C638A82E5EBB67008C81B9 /* Build configuration list for PBXProject "QuanLyChiTieu" */ = {
			isa = XCConfigurationList;
			buildConfigurations = (
				45C638D12E5EBB6A008C81B9 /* Debug */,
				45C638D22E5EBB6A008C81B9 /* Release */,
			);
			defaultConfigurationIsVisible = 0;
			defaultConfigurationName = Release;
		};
		45C638D32E5EBB6A008C81B9 /* Build configuration list for PBXNativeTarget "QuanLyChiTieu" */ = {
			isa = XCConfigurationList;
			buildConfigurations = (
				45C638D42E5EBB6A008C81B9 /* Debug */,
				45C638D52E5EBB6A008C81B9 /* Release */,
			);
			defaultConfigurationIsVisible = 0;
			defaultConfigurationName = Release;
		};
		45C638D62E5EBB6A008C81B9 /* Build configuration list for PBXNativeTarget "QuanLyChiTieuTests" */ = {
			isa = XCConfigurationList;
			buildConfigurations = (
				45C638D72E5EBB6A008C81B9 /* Debug */,
				45C638D82E5EBB6A008C81B9 /* Release */,
			);
			defaultConfigurationIsVisible = 0;
			defaultConfigurationName = Release;
		};
		45C638D92E5EBB6A008C81B9 /* Build configuration list for PBXNativeTarget "QuanLyChiTieuUITests" */ = {
			isa = XCConfigurationList;
			buildConfigurations = (
				45C638DA2E5EBB6A008C81B9 /* Debug */,
				45C638DB2E5EBB6A008C81B9 /* Release */,
			);
			defaultConfigurationIsVisible = 0;
			defaultConfigurationName = Release;
		};
/* End XCConfigurationList section */
	};
	rootObject = 45C638A52E5EBB67008C81B9 /* Project object */;
}
